
Microsoft Visual Studio Solution File, Format Version 12.00
# Visual Studio Version 16
VisualStudioVersion = 16.0.31402.337
MinimumVisualStudioVersion = 10.0.40219.1
Project("{FAE04EC0-301F-11D3-BF4B-00C04F79EFBC}") = "Consultas SalonDeBelleza", "Consultas SalonDeBelleza.csproj", "{86EA0A69-E82E-4D2A-8C64-4FC101F4E42C}"
EndProject
Global
	GlobalSection(SolutionConfigurationPlatforms) = preSolution
		Debug|Any CPU = Debug|Any CPU
		Release|Any CPU = Release|Any CPU
	EndGlobalSection
	GlobalSection(ProjectConfigurationPlatforms) = postSolution
		{86EA0A69-E82E-4D2A-8C64-4FC101F4E42C}.Debug|Any CPU.ActiveCfg = Debug|Any CPU
		{86EA0A69-E82E-4D2A-8C64-4FC101F4E42C}.Debug|Any CPU.Build.0 = Debug|Any CPU
		{86EA0A69-E82E-4D2A-8C64-4FC101F4E42C}.Release|Any CPU.ActiveCfg = Release|Any CPU
		{86EA0A69-E82E-4D2A-8C64-4FC101F4E42C}.Release|Any CPU.Build.0 = Release|Any CPU
	EndGlobalSection
	GlobalSection(SolutionProperties) = preSolution
		HideSolutionNode = FALSE
	EndGlobalSection
	GlobalSection(ExtensibilityGlobals) = postSolution
		SolutionGuid = {920E1CFE-B77C-48A0-920D-279836C1D751}
	EndGlobalSection
EndGlobal
